
Microsoft Visual Studio Solution File, Format Version 12.00
# Visual Studio Version 17
VisualStudioVersion = 17.0.32009.298
MinimumVisualStudioVersion = 10.0.40219.1
Project("{FAE04EC0-301F-11D3-BF4B-00C04F79EFBC}") = "Razor50Indi", "Razor50Indi\Razor50Indi.csproj", "{A7F41B1C-0FC0-43EB-A452-D216342C16F0}"
EndProject
Global
	GlobalSection(SolutionConfigurationPlatforms) = preSolution
		Debug|Any CPU = Debug|Any CPU
		Release|Any CPU = Release|Any CPU
	EndGlobalSection
	GlobalSection(ProjectConfigurationPlatforms) = postSolution
		{A7F41B1C-0FC0-43EB-A452-D216342C16F0}.Debug|Any CPU.ActiveCfg = Debug|Any CPU
		{A7F41B1C-0FC0-43EB-A452-D216342C16F0}.Debug|Any CPU.Build.0 = Debug|Any CPU
		{A7F41B1C-0FC0-43EB-A452-D216342C16F0}.Release|Any CPU.ActiveCfg = Release|Any CPU
		{A7F41B1C-0FC0-43EB-A452-D216342C16F0}.Release|Any CPU.Build.0 = Release|Any CPU
	EndGlobalSection
	GlobalSection(SolutionProperties) = preSolution
		HideSolutionNode = FALSE
	EndGlobalSection
	GlobalSection(ExtensibilityGlobals) = postSolution
		SolutionGuid = {DB0EFA5B-C696-497E-820A-A40E277D6C19}
	EndGlobalSection
EndGlobal
